
Microsoft Visual Studio Solution File, Format Version 12.00
# Visual Studio 15
VisualStudioVersion = 15.0.28307.572
MinimumVisualStudioVersion = 10.0.40219.1
Project("{159641D6-6404-4A2A-AE62-294DE0FE8301}") = "ILF", "ILF\ILF.dtproj", "{0A97A3C9-3D51-4036-97E5-749A8ABE1529}"
EndProject
Global
	GlobalSection(SolutionConfigurationPlatforms) = preSolution
		Development|Default = Development|Default
	EndGlobalSection
	GlobalSection(ProjectConfigurationPlatforms) = postSolution
		{0A97A3C9-3D51-4036-97E5-749A8ABE1529}.Development|Default.ActiveCfg = Development
		{0A97A3C9-3D51-4036-97E5-749A8ABE1529}.Development|Default.Build.0 = Development
	EndGlobalSection
	GlobalSection(SolutionProperties) = preSolution
		HideSolutionNode = FALSE
	EndGlobalSection
	GlobalSection(ExtensibilityGlobals) = postSolution
		SolutionGuid = {7B1EC024-709C-4447-92F4-0DEA577AC2F1}
	EndGlobalSection
EndGlobal
